{
  "name": "at-at",
  "version": "1.0.0",
  "lockfileVersion": 2,
  "requires": true,
  "packages": {
    "": {
      "name": "at-at",
      "version": "1.0.0",
      "license": "UNLICENSED",
      "dependencies": {
        "webserver": "^1.1.2"
      },
      "devDependencies": {}
    },
    "node_modules/paperboy": {
      "version": "0.0.5",
      "engines": {
        "node": "*"
      }
    },
    "node_modules/webserver": {
      "version": "1.1.2",
      "dependencies": {
        "paperboy": "0.0.5"
      },
      "engines": {
        "node": "*"
      }
    }
  },
  "dependencies": {
    "paperboy": {
      "version": "0.0.5"
    },
    "webserver": {
      "version": "1.1.2",
      "requires": {
        "paperboy": "0.0.5"
      }
    }
  }
}
